
Microsoft Visual Studio Solution File, Format Version 12.00
# Visual Studio Version 17
VisualStudioVersion = 17.7.34202.233
MinimumVisualStudioVersion = 10.0.40219.1
Project("{FAE04EC0-301F-11D3-BF4B-00C04F79EFBC}") = "PracticalTest", "PracticalTest.csproj", "{5AAA35ED-FDEC-4A71-8A5F-3477E248A053}"
EndProject
Global
	GlobalSection(SolutionConfigurationPlatforms) = preSolution
		Debug|Any CPU = Debug|Any CPU
		Release|Any CPU = Release|Any CPU
	EndGlobalSection
	GlobalSection(ProjectConfigurationPlatforms) = postSolution
		{5AAA35ED-FDEC-4A71-8A5F-3477E248A053}.Debug|Any CPU.ActiveCfg = Debug|Any CPU
		{5AAA35ED-FDEC-4A71-8A5F-3477E248A053}.Debug|Any CPU.Build.0 = Debug|Any CPU
		{5AAA35ED-FDEC-4A71-8A5F-3477E248A053}.Release|Any CPU.ActiveCfg = Release|Any CPU
		{5AAA35ED-FDEC-4A71-8A5F-3477E248A053}.Release|Any CPU.Build.0 = Release|Any CPU
	EndGlobalSection
	GlobalSection(SolutionProperties) = preSolution
		HideSolutionNode = FALSE
	EndGlobalSection
	GlobalSection(ExtensibilityGlobals) = postSolution
		SolutionGuid = {B55245B9-E92E-4481-9020-84658D5F96F3}
	EndGlobalSection
EndGlobal
